
Microsoft Visual Studio Solution File, Format Version 12.00
# Visual Studio 15
VisualStudioVersion = 15.0.26730.15
MinimumVisualStudioVersion = 10.0.40219.1
Project("{9A19103F-16F7-4668-BE54-9A1E7A4F7556}") = "DoLess.Rest.Standard.20", "DoLess.Rest.Standard\DoLess.Rest.Standard.20.csproj", "{EA352625-5EF9-4E61-83BD-32D43841E8A6}"
EndProject
Project("{2150E333-8FDC-42A3-9474-1A3956D46DE8}") = "Tests", "Tests", "{32AB77C6-9380-482D-A0DD-2D20D2D72037}"
EndProject
Project("{2150E333-8FDC-42A3-9474-1A3956D46DE8}") = "Tasks", "Tasks", "{64046417-C60F-4CBA-A41E-A6360401E082}"
EndProject
Project("{2150E333-8FDC-42A3-9474-1A3956D46DE8}") = "Client", "Client", "{777BE9FD-BD20-4D5A-8081-7BBCD78256A8}"
EndProject
Project("{9A19103F-16F7-4668-BE54-9A1E7A4F7556}") = "DoLess.Rest.Tasks", "DoLess.Rest.Tasks\DoLess.Rest.Tasks.csproj", "{89A99855-1B93-46C8-80EC-E92D47D90C9B}"
EndProject
Project("{9A19103F-16F7-4668-BE54-9A1E7A4F7556}") = "DoLess.Rest.Tasks.Tests", "DoLess.Rest.Tasks.Tests\DoLess.Rest.Tasks.Tests.csproj", "{ADFEEDE2-0684-400D-B2A4-219DB8050DBE}"
EndProject
Project("{9A19103F-16F7-4668-BE54-9A1E7A4F7556}") = "DoLess.Rest.Tests", "DoLess.Rest.Tests\DoLess.Rest.Tests.csproj", "{DAD05DA7-2637-44A1-83C3-0C5DF30958C1}"
EndProject
Project("{2150E333-8FDC-42A3-9474-1A3956D46DE8}") = "Samples", "Samples", "{C1577B55-7553-4809-9515-03BF9016BFF5}"
EndProject
Project("{9A19103F-16F7-4668-BE54-9A1E7A4F7556}") = "DoLess.Rest.Sample", "DoLess.Rest.Sample\DoLess.Rest.Sample.csproj", "{55601750-6D0F-4927-9995-A1585F697BE7}"
EndProject
Project("{2150E333-8FDC-42A3-9474-1A3956D46DE8}") = "Extras", "Extras", "{51BEE58C-F060-40B8-81BD-87B8AAFEDBE8}"
EndProject
Project("{9A19103F-16F7-4668-BE54-9A1E7A4F7556}") = "DoLess.Rest.Json", "DoLess.Rest.Json\DoLess.Rest.Json.csproj", "{F7922F54-F61E-44BB-A7B7-A881BD0A8775}"
EndProject
Global
	GlobalSection(SolutionConfigurationPlatforms) = preSolution
		Debug|Any CPU = Debug|Any CPU
		Release|Any CPU = Release|Any CPU
	EndGlobalSection
	GlobalSection(ProjectConfigurationPlatforms) = postSolution
		{EA352625-5EF9-4E61-83BD-32D43841E8A6}.Debug|Any CPU.ActiveCfg = Debug|Any CPU
		{EA352625-5EF9-4E61-83BD-32D43841E8A6}.Debug|Any CPU.Build.0 = Debug|Any CPU
		{EA352625-5EF9-4E61-83BD-32D43841E8A6}.Release|Any CPU.ActiveCfg = Release|Any CPU
		{EA352625-5EF9-4E61-83BD-32D43841E8A6}.Release|Any CPU.Build.0 = Release|Any CPU
		{89A99855-1B93-46C8-80EC-E92D47D90C9B}.Debug|Any CPU.ActiveCfg = Debug|Any CPU
		{89A99855-1B93-46C8-80EC-E92D47D90C9B}.Debug|Any CPU.Build.0 = Debug|Any CPU
		{89A99855-1B93-46C8-80EC-E92D47D90C9B}.Release|Any CPU.ActiveCfg = Release|Any CPU
		{89A99855-1B93-46C8-80EC-E92D47D90C9B}.Release|Any CPU.Build.0 = Release|Any CPU
		{ADFEEDE2-0684-400D-B2A4-219DB8050DBE}.Debug|Any CPU.ActiveCfg = Debug|Any CPU
		{ADFEEDE2-0684-400D-B2A4-219DB8050DBE}.Debug|Any CPU.Build.0 = Debug|Any CPU
		{ADFEEDE2-0684-400D-B2A4-219DB8050DBE}.Release|Any CPU.ActiveCfg = Release|Any CPU
		{ADFEEDE2-0684-400D-B2A4-219DB8050DBE}.Release|Any CPU.Build.0 = Release|Any CPU
		{DAD05DA7-2637-44A1-83C3-0C5DF30958C1}.Debug|Any CPU.ActiveCfg = Debug|Any CPU
		{DAD05DA7-2637-44A1-83C3-0C5DF30958C1}.Debug|Any CPU.Build.0 = Debug|Any CPU
		{DAD05DA7-2637-44A1-83C3-0C5DF30958C1}.Release|Any CPU.ActiveCfg = Release|Any CPU
		{DAD05DA7-2637-44A1-83C3-0C5DF30958C1}.Release|Any CPU.Build.0 = Release|Any CPU
		{55601750-6D0F-4927-9995-A1585F697BE7}.Debug|Any CPU.ActiveCfg = Debug|Any CPU
		{55601750-6D0F-4927-9995-A1585F697BE7}.Debug|Any CPU.Build.0 = Debug|Any CPU
		{55601750-6D0F-4927-9995-A1585F697BE7}.Release|Any CPU.ActiveCfg = Release|Any CPU
		{55601750-6D0F-4927-9995-A1585F697BE7}.Release|Any CPU.Build.0 = Release|Any CPU
		{F7922F54-F61E-44BB-A7B7-A881BD0A8775}.Debug|Any CPU.ActiveCfg = Debug|Any CPU
		{F7922F54-F61E-44BB-A7B7-A881BD0A8775}.Debug|Any CPU.Build.0 = Debug|Any CPU
		{F7922F54-F61E-44BB-A7B7-A881BD0A8775}.Release|Any CPU.ActiveCfg = Release|Any CPU
		{F7922F54-F61E-44BB-A7B7-A881BD0A8775}.Release|Any CPU.Build.0 = Release|Any CPU
	EndGlobalSection
	GlobalSection(SolutionProperties) = preSolution
		HideSolutionNode = FALSE
	EndGlobalSection
	GlobalSection(NestedProjects) = preSolution
		{EA352625-5EF9-4E61-83BD-32D43841E8A6} = {777BE9FD-BD20-4D5A-8081-7BBCD78256A8}
		{89A99855-1B93-46C8-80EC-E92D47D90C9B} = {64046417-C60F-4CBA-A41E-A6360401E082}
		{ADFEEDE2-0684-400D-B2A4-219DB8050DBE} = {32AB77C6-9380-482D-A0DD-2D20D2D72037}
		{DAD05DA7-2637-44A1-83C3-0C5DF30958C1} = {32AB77C6-9380-482D-A0DD-2D20D2D72037}
		{55601750-6D0F-4927-9995-A1585F697BE7} = {C1577B55-7553-4809-9515-03BF9016BFF5}
		{F7922F54-F61E-44BB-A7B7-A881BD0A8775} = {51BEE58C-F060-40B8-81BD-87B8AAFEDBE8}
	EndGlobalSection
	GlobalSection(ExtensibilityGlobals) = postSolution
		SolutionGuid = {75844D60-9147-49E7-B88F-238EB392FBB1}
	EndGlobalSection
EndGlobal
