
Microsoft Visual Studio Solution File, Format Version 12.00
# Visual Studio 15
VisualStudioVersion = 15.0.27004.2005
MinimumVisualStudioVersion = 10.0.40219.1
Project("{9A19103F-16F7-4668-BE54-9A1E7A4F7556}") = "RestLess", "RestLess\RestLess.csproj", "{EA352625-5EF9-4E61-83BD-32D43841E8A6}"
EndProject
Project("{2150E333-8FDC-42A3-9474-1A3956D46DE8}") = "Tests", "Tests", "{32AB77C6-9380-482D-A0DD-2D20D2D72037}"
EndProject
Project("{2150E333-8FDC-42A3-9474-1A3956D46DE8}") = "Tasks", "Tasks", "{64046417-C60F-4CBA-A41E-A6360401E082}"
EndProject
Project("{2150E333-8FDC-42A3-9474-1A3956D46DE8}") = "Core", "Core", "{777BE9FD-BD20-4D5A-8081-7BBCD78256A8}"
EndProject
Project("{9A19103F-16F7-4668-BE54-9A1E7A4F7556}") = "RestLess.Tasks", "RestLess.Tasks\RestLess.Tasks.csproj", "{89A99855-1B93-46C8-80EC-E92D47D90C9B}"
EndProject
Project("{9A19103F-16F7-4668-BE54-9A1E7A4F7556}") = "RestLess.Tasks.Tests", "RestLess.Tasks.Tests\RestLess.Tasks.Tests.csproj", "{ADFEEDE2-0684-400D-B2A4-219DB8050DBE}"
EndProject
Project("{2150E333-8FDC-42A3-9474-1A3956D46DE8}") = "Samples", "Samples", "{C1577B55-7553-4809-9515-03BF9016BFF5}"
EndProject
Project("{9A19103F-16F7-4668-BE54-9A1E7A4F7556}") = "RestLess.Sample", "RestLess.Sample\RestLess.Sample.csproj", "{55601750-6D0F-4927-9995-A1585F697BE7}"
EndProject
Project("{2150E333-8FDC-42A3-9474-1A3956D46DE8}") = "Extras", "Extras", "{51BEE58C-F060-40B8-81BD-87B8AAFEDBE8}"
EndProject
Project("{9A19103F-16F7-4668-BE54-9A1E7A4F7556}") = "RestLess.Json.Tests", "RestLess.Json.Tests\RestLess.Json.Tests.csproj", "{D8C480DC-206D-458F-8F6D-FA682AEEDC23}"
EndProject
Project("{D954291E-2A0B-460D-934E-DC6B0785DB48}") = "RestLess.Shared", "RestLess.Shared\RestLess.Shared.shproj", "{09087514-C3BC-4B3D-98B4-02FC0D8659AF}"
EndProject
Project("{9A19103F-16F7-4668-BE54-9A1E7A4F7556}") = "RestLess.Tests", "RestLess.Tests\RestLess.Tests.csproj", "{D57FCE68-4F31-4D56-ACAF-F5B4BE1F1597}"
EndProject
Project("{9A19103F-16F7-4668-BE54-9A1E7A4F7556}") = "RestLess.Newtonsoft.Json", "RestLess.Newtonsoft.Json\RestLess.Newtonsoft.Json.csproj", "{C38177A5-A8E8-4A58-B66E-847724C1B2BA}"
EndProject
Project("{9A19103F-16F7-4668-BE54-9A1E7A4F7556}") = "RestLess.Core", "RestLess.Core\RestLess.Core.csproj", "{7C55DBB6-FF3B-4819-A695-070E7D5D98D2}"
EndProject
Project("{9A19103F-16F7-4668-BE54-9A1E7A4F7556}") = "RestLess.Core.Tests", "RestLess.Core.Tests\RestLess.Core.Tests.csproj", "{36341425-0827-42E3-A0B3-917DD0E0EA41}"
EndProject
Project("{9A19103F-16F7-4668-BE54-9A1E7A4F7556}") = "RestLess.ConsoleSample", "RestLess.ConsoleSample\RestLess.ConsoleSample.csproj", "{7163C14E-13A0-4BE8-9104-3CD2968CD33C}"
EndProject
Global
	GlobalSection(SharedMSBuildProjectFiles) = preSolution
		RestLess.Shared\RestLess.Shared.projitems*{09087514-c3bc-4b3d-98b4-02fc0d8659af}*SharedItemsImports = 13
	EndGlobalSection
	GlobalSection(SolutionConfigurationPlatforms) = preSolution
		Debug|Any CPU = Debug|Any CPU
		Release|Any CPU = Release|Any CPU
	EndGlobalSection
	GlobalSection(ProjectConfigurationPlatforms) = postSolution
		{EA352625-5EF9-4E61-83BD-32D43841E8A6}.Debug|Any CPU.ActiveCfg = Debug|Any CPU
		{EA352625-5EF9-4E61-83BD-32D43841E8A6}.Debug|Any CPU.Build.0 = Debug|Any CPU
		{EA352625-5EF9-4E61-83BD-32D43841E8A6}.Release|Any CPU.ActiveCfg = Release|Any CPU
		{EA352625-5EF9-4E61-83BD-32D43841E8A6}.Release|Any CPU.Build.0 = Release|Any CPU
		{89A99855-1B93-46C8-80EC-E92D47D90C9B}.Debug|Any CPU.ActiveCfg = Debug|Any CPU
		{89A99855-1B93-46C8-80EC-E92D47D90C9B}.Debug|Any CPU.Build.0 = Debug|Any CPU
		{89A99855-1B93-46C8-80EC-E92D47D90C9B}.Release|Any CPU.ActiveCfg = Release|Any CPU
		{89A99855-1B93-46C8-80EC-E92D47D90C9B}.Release|Any CPU.Build.0 = Release|Any CPU
		{ADFEEDE2-0684-400D-B2A4-219DB8050DBE}.Debug|Any CPU.ActiveCfg = Debug|Any CPU
		{ADFEEDE2-0684-400D-B2A4-219DB8050DBE}.Debug|Any CPU.Build.0 = Debug|Any CPU
		{ADFEEDE2-0684-400D-B2A4-219DB8050DBE}.Release|Any CPU.ActiveCfg = Release|Any CPU
		{ADFEEDE2-0684-400D-B2A4-219DB8050DBE}.Release|Any CPU.Build.0 = Release|Any CPU
		{55601750-6D0F-4927-9995-A1585F697BE7}.Debug|Any CPU.ActiveCfg = Debug|Any CPU
		{55601750-6D0F-4927-9995-A1585F697BE7}.Debug|Any CPU.Build.0 = Debug|Any CPU
		{55601750-6D0F-4927-9995-A1585F697BE7}.Release|Any CPU.ActiveCfg = Release|Any CPU
		{55601750-6D0F-4927-9995-A1585F697BE7}.Release|Any CPU.Build.0 = Release|Any CPU
		{D8C480DC-206D-458F-8F6D-FA682AEEDC23}.Debug|Any CPU.ActiveCfg = Debug|Any CPU
		{D8C480DC-206D-458F-8F6D-FA682AEEDC23}.Debug|Any CPU.Build.0 = Debug|Any CPU
		{D8C480DC-206D-458F-8F6D-FA682AEEDC23}.Release|Any CPU.ActiveCfg = Release|Any CPU
		{D8C480DC-206D-458F-8F6D-FA682AEEDC23}.Release|Any CPU.Build.0 = Release|Any CPU
		{D57FCE68-4F31-4D56-ACAF-F5B4BE1F1597}.Debug|Any CPU.ActiveCfg = Debug|Any CPU
		{D57FCE68-4F31-4D56-ACAF-F5B4BE1F1597}.Debug|Any CPU.Build.0 = Debug|Any CPU
		{D57FCE68-4F31-4D56-ACAF-F5B4BE1F1597}.Release|Any CPU.ActiveCfg = Release|Any CPU
		{D57FCE68-4F31-4D56-ACAF-F5B4BE1F1597}.Release|Any CPU.Build.0 = Release|Any CPU
		{C38177A5-A8E8-4A58-B66E-847724C1B2BA}.Debug|Any CPU.ActiveCfg = Debug|Any CPU
		{C38177A5-A8E8-4A58-B66E-847724C1B2BA}.Debug|Any CPU.Build.0 = Debug|Any CPU
		{C38177A5-A8E8-4A58-B66E-847724C1B2BA}.Release|Any CPU.ActiveCfg = Release|Any CPU
		{C38177A5-A8E8-4A58-B66E-847724C1B2BA}.Release|Any CPU.Build.0 = Release|Any CPU
		{7C55DBB6-FF3B-4819-A695-070E7D5D98D2}.Debug|Any CPU.ActiveCfg = Debug|Any CPU
		{7C55DBB6-FF3B-4819-A695-070E7D5D98D2}.Debug|Any CPU.Build.0 = Debug|Any CPU
		{7C55DBB6-FF3B-4819-A695-070E7D5D98D2}.Release|Any CPU.ActiveCfg = Release|Any CPU
		{7C55DBB6-FF3B-4819-A695-070E7D5D98D2}.Release|Any CPU.Build.0 = Release|Any CPU
		{36341425-0827-42E3-A0B3-917DD0E0EA41}.Debug|Any CPU.ActiveCfg = Debug|Any CPU
		{36341425-0827-42E3-A0B3-917DD0E0EA41}.Debug|Any CPU.Build.0 = Debug|Any CPU
		{36341425-0827-42E3-A0B3-917DD0E0EA41}.Release|Any CPU.ActiveCfg = Release|Any CPU
		{36341425-0827-42E3-A0B3-917DD0E0EA41}.Release|Any CPU.Build.0 = Release|Any CPU
		{7163C14E-13A0-4BE8-9104-3CD2968CD33C}.Debug|Any CPU.ActiveCfg = Debug|Any CPU
		{7163C14E-13A0-4BE8-9104-3CD2968CD33C}.Debug|Any CPU.Build.0 = Debug|Any CPU
		{7163C14E-13A0-4BE8-9104-3CD2968CD33C}.Release|Any CPU.ActiveCfg = Release|Any CPU
		{7163C14E-13A0-4BE8-9104-3CD2968CD33C}.Release|Any CPU.Build.0 = Release|Any CPU
	EndGlobalSection
	GlobalSection(SolutionProperties) = preSolution
		HideSolutionNode = FALSE
	EndGlobalSection
	GlobalSection(NestedProjects) = preSolution
		{EA352625-5EF9-4E61-83BD-32D43841E8A6} = {777BE9FD-BD20-4D5A-8081-7BBCD78256A8}
		{89A99855-1B93-46C8-80EC-E92D47D90C9B} = {64046417-C60F-4CBA-A41E-A6360401E082}
		{ADFEEDE2-0684-400D-B2A4-219DB8050DBE} = {32AB77C6-9380-482D-A0DD-2D20D2D72037}
		{55601750-6D0F-4927-9995-A1585F697BE7} = {C1577B55-7553-4809-9515-03BF9016BFF5}
		{D8C480DC-206D-458F-8F6D-FA682AEEDC23} = {32AB77C6-9380-482D-A0DD-2D20D2D72037}
		{09087514-C3BC-4B3D-98B4-02FC0D8659AF} = {777BE9FD-BD20-4D5A-8081-7BBCD78256A8}
		{D57FCE68-4F31-4D56-ACAF-F5B4BE1F1597} = {32AB77C6-9380-482D-A0DD-2D20D2D72037}
		{C38177A5-A8E8-4A58-B66E-847724C1B2BA} = {51BEE58C-F060-40B8-81BD-87B8AAFEDBE8}
		{7C55DBB6-FF3B-4819-A695-070E7D5D98D2} = {777BE9FD-BD20-4D5A-8081-7BBCD78256A8}
		{36341425-0827-42E3-A0B3-917DD0E0EA41} = {32AB77C6-9380-482D-A0DD-2D20D2D72037}
		{7163C14E-13A0-4BE8-9104-3CD2968CD33C} = {C1577B55-7553-4809-9515-03BF9016BFF5}
	EndGlobalSection
	GlobalSection(ExtensibilityGlobals) = postSolution
		SolutionGuid = {75844D60-9147-49E7-B88F-238EB392FBB1}
	EndGlobalSection
EndGlobal
